
Microsoft Visual Studio Solution File, Format Version 12.00
# Visual Studio Version 17
VisualStudioVersion = 17.0.31423.177
MinimumVisualStudioVersion = 10.0.40219.1
Project("{FAE04EC0-301F-11D3-BF4B-00C04F79EFBC}") = "PLINQ", "PLINQ\PLINQ.csproj", "{57372311-8339-4ADD-9158-610A0EE9DB64}"
EndProject
Global
	GlobalSection(SolutionConfigurationPlatforms) = preSolution
		Debug|Any CPU = Debug|Any CPU
		Release|Any CPU = Release|Any CPU
	EndGlobalSection
	GlobalSection(ProjectConfigurationPlatforms) = postSolution
		{57372311-8339-4ADD-9158-610A0EE9DB64}.Debug|Any CPU.ActiveCfg = Debug|Any CPU
		{57372311-8339-4ADD-9158-610A0EE9DB64}.Debug|Any CPU.Build.0 = Debug|Any CPU
		{57372311-8339-4ADD-9158-610A0EE9DB64}.Release|Any CPU.ActiveCfg = Release|Any CPU
		{57372311-8339-4ADD-9158-610A0EE9DB64}.Release|Any CPU.Build.0 = Release|Any CPU
	EndGlobalSection
	GlobalSection(SolutionProperties) = preSolution
		HideSolutionNode = FALSE
	EndGlobalSection
	GlobalSection(ExtensibilityGlobals) = postSolution
		SolutionGuid = {76AB9AEE-724A-4C1D-B6EB-03CA4F7FAAD5}
	EndGlobalSection
EndGlobal
