
Microsoft Visual Studio Solution File, Format Version 12.00
# Visual Studio Version 17
VisualStudioVersion = 17.14.36414.22 d17.14
MinimumVisualStudioVersion = 10.0.40219.1
Project("{FAE04EC0-301F-11D3-BF4B-00C04F79EFBC}") = "Methods_Arrays_Switch_3", "Methods_Arrays_Switch_3.csproj", "{5DE68171-EF63-4A06-A2AB-312DACE73674}"
EndProject
Global
	GlobalSection(SolutionConfigurationPlatforms) = preSolution
		Debug|Any CPU = Debug|Any CPU
		Release|Any CPU = Release|Any CPU
	EndGlobalSection
	GlobalSection(ProjectConfigurationPlatforms) = postSolution
		{5DE68171-EF63-4A06-A2AB-312DACE73674}.Debug|Any CPU.ActiveCfg = Debug|Any CPU
		{5DE68171-EF63-4A06-A2AB-312DACE73674}.Debug|Any CPU.Build.0 = Debug|Any CPU
		{5DE68171-EF63-4A06-A2AB-312DACE73674}.Release|Any CPU.ActiveCfg = Release|Any CPU
		{5DE68171-EF63-4A06-A2AB-312DACE73674}.Release|Any CPU.Build.0 = Release|Any CPU
	EndGlobalSection
	GlobalSection(SolutionProperties) = preSolution
		HideSolutionNode = FALSE
	EndGlobalSection
	GlobalSection(ExtensibilityGlobals) = postSolution
		SolutionGuid = {8C90FC31-4BE3-4E4C-A7FA-2476C7566455}
	EndGlobalSection
EndGlobal
