
Microsoft Visual Studio Solution File, Format Version 12.00
# Visual Studio Version 17
VisualStudioVersion = 17.14.36414.22 d17.14
MinimumVisualStudioVersion = 10.0.40219.1
Project("{FAE04EC0-301F-11D3-BF4B-00C04F79EFBC}") = "While_Loops_Switch", "While_Loops_Switch.csproj", "{FD1088F5-771A-43C6-82F4-793913045C04}"
EndProject
Global
	GlobalSection(SolutionConfigurationPlatforms) = preSolution
		Debug|Any CPU = Debug|Any CPU
		Release|Any CPU = Release|Any CPU
	EndGlobalSection
	GlobalSection(ProjectConfigurationPlatforms) = postSolution
		{FD1088F5-771A-43C6-82F4-793913045C04}.Debug|Any CPU.ActiveCfg = Debug|Any CPU
		{FD1088F5-771A-43C6-82F4-793913045C04}.Debug|Any CPU.Build.0 = Debug|Any CPU
		{FD1088F5-771A-43C6-82F4-793913045C04}.Release|Any CPU.ActiveCfg = Release|Any CPU
		{FD1088F5-771A-43C6-82F4-793913045C04}.Release|Any CPU.Build.0 = Release|Any CPU
	EndGlobalSection
	GlobalSection(SolutionProperties) = preSolution
		HideSolutionNode = FALSE
	EndGlobalSection
	GlobalSection(ExtensibilityGlobals) = postSolution
		SolutionGuid = {E33A1014-8112-49A8-968D-370F8B5A50B7}
	EndGlobalSection
EndGlobal
