
Microsoft Visual Studio Solution File, Format Version 12.00
# Visual Studio Version 17
VisualStudioVersion = 17.14.36414.22 d17.14
MinimumVisualStudioVersion = 10.0.40219.1
Project("{FAE04EC0-301F-11D3-BF4B-00C04F79EFBC}") = "Task7", "Task7.csproj", "{063F392D-9AFF-4BEF-ADC9-1D28A95F056D}"
EndProject
Global
	GlobalSection(SolutionConfigurationPlatforms) = preSolution
		Debug|Any CPU = Debug|Any CPU
		Release|Any CPU = Release|Any CPU
	EndGlobalSection
	GlobalSection(ProjectConfigurationPlatforms) = postSolution
		{063F392D-9AFF-4BEF-ADC9-1D28A95F056D}.Debug|Any CPU.ActiveCfg = Debug|Any CPU
		{063F392D-9AFF-4BEF-ADC9-1D28A95F056D}.Debug|Any CPU.Build.0 = Debug|Any CPU
		{063F392D-9AFF-4BEF-ADC9-1D28A95F056D}.Release|Any CPU.ActiveCfg = Release|Any CPU
		{063F392D-9AFF-4BEF-ADC9-1D28A95F056D}.Release|Any CPU.Build.0 = Release|Any CPU
	EndGlobalSection
	GlobalSection(SolutionProperties) = preSolution
		HideSolutionNode = FALSE
	EndGlobalSection
	GlobalSection(ExtensibilityGlobals) = postSolution
		SolutionGuid = {D53DC7DB-4410-4617-9449-21A5D7D855A4}
	EndGlobalSection
EndGlobal
