
Microsoft Visual Studio Solution File, Format Version 12.00
# Visual Studio Version 17
VisualStudioVersion = 17.0.31423.177
MinimumVisualStudioVersion = 10.0.40219.1
Project("{FAE04EC0-301F-11D3-BF4B-00C04F79EFBC}") = "ParallelLoop", "ParallelLoop\ParallelLoop.csproj", "{0E10D2A8-7AA7-4513-AD1A-3E823932D2B9}"
EndProject
Global
	GlobalSection(SolutionConfigurationPlatforms) = preSolution
		Debug|Any CPU = Debug|Any CPU
		Release|Any CPU = Release|Any CPU
	EndGlobalSection
	GlobalSection(ProjectConfigurationPlatforms) = postSolution
		{0E10D2A8-7AA7-4513-AD1A-3E823932D2B9}.Debug|Any CPU.ActiveCfg = Debug|Any CPU
		{0E10D2A8-7AA7-4513-AD1A-3E823932D2B9}.Debug|Any CPU.Build.0 = Debug|Any CPU
		{0E10D2A8-7AA7-4513-AD1A-3E823932D2B9}.Release|Any CPU.ActiveCfg = Release|Any CPU
		{0E10D2A8-7AA7-4513-AD1A-3E823932D2B9}.Release|Any CPU.Build.0 = Release|Any CPU
	EndGlobalSection
	GlobalSection(SolutionProperties) = preSolution
		HideSolutionNode = FALSE
	EndGlobalSection
	GlobalSection(ExtensibilityGlobals) = postSolution
		SolutionGuid = {DA082741-6CDF-43CD-B6EE-BADD484B23F8}
	EndGlobalSection
EndGlobal
