
Microsoft Visual Studio Solution File, Format Version 12.00
# Visual Studio Version 17
VisualStudioVersion = 17.14.36414.22 d17.14
MinimumVisualStudioVersion = 10.0.40219.1
Project("{FAE04EC0-301F-11D3-BF4B-00C04F79EFBC}") = "Payroll", "Payroll.csproj", "{1F3741C6-99EC-456D-9F35-F31CD1AE632E}"
EndProject
Global
	GlobalSection(SolutionConfigurationPlatforms) = preSolution
		Debug|Any CPU = Debug|Any CPU
		Release|Any CPU = Release|Any CPU
	EndGlobalSection
	GlobalSection(ProjectConfigurationPlatforms) = postSolution
		{1F3741C6-99EC-456D-9F35-F31CD1AE632E}.Debug|Any CPU.ActiveCfg = Debug|Any CPU
		{1F3741C6-99EC-456D-9F35-F31CD1AE632E}.Debug|Any CPU.Build.0 = Debug|Any CPU
		{1F3741C6-99EC-456D-9F35-F31CD1AE632E}.Release|Any CPU.ActiveCfg = Release|Any CPU
		{1F3741C6-99EC-456D-9F35-F31CD1AE632E}.Release|Any CPU.Build.0 = Release|Any CPU
	EndGlobalSection
	GlobalSection(SolutionProperties) = preSolution
		HideSolutionNode = FALSE
	EndGlobalSection
	GlobalSection(ExtensibilityGlobals) = postSolution
		SolutionGuid = {46D6EC6F-FDF9-4252-BF6E-9EF1FDC25B86}
	EndGlobalSection
EndGlobal
