
Microsoft Visual Studio Solution File, Format Version 12.00
# Visual Studio Version 17
VisualStudioVersion = 17.14.36414.22 d17.14
MinimumVisualStudioVersion = 10.0.40219.1
Project("{FAE04EC0-301F-11D3-BF4B-00C04F79EFBC}") = "ConsoleApp1", "ConsoleApp1.csproj", "{97309EDD-4994-436D-B65C-D59DC327D227}"
EndProject
Global
	GlobalSection(SolutionConfigurationPlatforms) = preSolution
		Debug|Any CPU = Debug|Any CPU
		Release|Any CPU = Release|Any CPU
	EndGlobalSection
	GlobalSection(ProjectConfigurationPlatforms) = postSolution
		{97309EDD-4994-436D-B65C-D59DC327D227}.Debug|Any CPU.ActiveCfg = Debug|Any CPU
		{97309EDD-4994-436D-B65C-D59DC327D227}.Debug|Any CPU.Build.0 = Debug|Any CPU
		{97309EDD-4994-436D-B65C-D59DC327D227}.Release|Any CPU.ActiveCfg = Release|Any CPU
		{97309EDD-4994-436D-B65C-D59DC327D227}.Release|Any CPU.Build.0 = Release|Any CPU
	EndGlobalSection
	GlobalSection(SolutionProperties) = preSolution
		HideSolutionNode = FALSE
	EndGlobalSection
	GlobalSection(ExtensibilityGlobals) = postSolution
		SolutionGuid = {7A528EA0-7080-491B-9672-A400E53560BD}
	EndGlobalSection
EndGlobal
