
Microsoft Visual Studio Solution File, Format Version 12.00
# Visual Studio Version 17
VisualStudioVersion = 17.14.36414.22 d17.14
MinimumVisualStudioVersion = 10.0.40219.1
Project("{FAE04EC0-301F-11D3-BF4B-00C04F79EFBC}") = "IF_Multiple_Grades_Evaluation", "IF_Multiple_Grades_Evaluation.csproj", "{CC6E4E0E-8C3F-4218-8478-ABB1169394AF}"
EndProject
Global
	GlobalSection(SolutionConfigurationPlatforms) = preSolution
		Debug|Any CPU = Debug|Any CPU
		Release|Any CPU = Release|Any CPU
	EndGlobalSection
	GlobalSection(ProjectConfigurationPlatforms) = postSolution
		{CC6E4E0E-8C3F-4218-8478-ABB1169394AF}.Debug|Any CPU.ActiveCfg = Debug|Any CPU
		{CC6E4E0E-8C3F-4218-8478-ABB1169394AF}.Debug|Any CPU.Build.0 = Debug|Any CPU
		{CC6E4E0E-8C3F-4218-8478-ABB1169394AF}.Release|Any CPU.ActiveCfg = Release|Any CPU
		{CC6E4E0E-8C3F-4218-8478-ABB1169394AF}.Release|Any CPU.Build.0 = Release|Any CPU
	EndGlobalSection
	GlobalSection(SolutionProperties) = preSolution
		HideSolutionNode = FALSE
	EndGlobalSection
	GlobalSection(ExtensibilityGlobals) = postSolution
		SolutionGuid = {1396C3B5-165C-4442-A482-65614913F336}
	EndGlobalSection
EndGlobal
