
Microsoft Visual Studio Solution File, Format Version 12.00
# Visual Studio Version 17
VisualStudioVersion = 17.0.31423.177
MinimumVisualStudioVersion = 10.0.40219.1
Project("{FAE04EC0-301F-11D3-BF4B-00C04F79EFBC}") = "ParallelTest", "ParallelTest\ParallelTest.csproj", "{57F50C30-BF27-4DF0-A2D7-F3C912DE66E4}"
EndProject
Global
	GlobalSection(SolutionConfigurationPlatforms) = preSolution
		Debug|Any CPU = Debug|Any CPU
		Release|Any CPU = Release|Any CPU
	EndGlobalSection
	GlobalSection(ProjectConfigurationPlatforms) = postSolution
		{57F50C30-BF27-4DF0-A2D7-F3C912DE66E4}.Debug|Any CPU.ActiveCfg = Debug|Any CPU
		{57F50C30-BF27-4DF0-A2D7-F3C912DE66E4}.Debug|Any CPU.Build.0 = Debug|Any CPU
		{57F50C30-BF27-4DF0-A2D7-F3C912DE66E4}.Release|Any CPU.ActiveCfg = Release|Any CPU
		{57F50C30-BF27-4DF0-A2D7-F3C912DE66E4}.Release|Any CPU.Build.0 = Release|Any CPU
	EndGlobalSection
	GlobalSection(SolutionProperties) = preSolution
		HideSolutionNode = FALSE
	EndGlobalSection
	GlobalSection(ExtensibilityGlobals) = postSolution
		SolutionGuid = {E22EDA4C-A596-4DE9-A35E-B1C37D69B64A}
	EndGlobalSection
EndGlobal
