
Microsoft Visual Studio Solution File, Format Version 12.00
# Visual Studio Version 17
VisualStudioVersion = 17.14.36414.22 d17.14
MinimumVisualStudioVersion = 10.0.40219.1
Project("{FAE04EC0-301F-11D3-BF4B-00C04F79EFBC}") = "Exam1_Review", "Exam1_Review.csproj", "{2A1BA11B-C271-48F1-8814-408B4D3E4F2C}"
EndProject
Global
	GlobalSection(SolutionConfigurationPlatforms) = preSolution
		Debug|Any CPU = Debug|Any CPU
		Release|Any CPU = Release|Any CPU
	EndGlobalSection
	GlobalSection(ProjectConfigurationPlatforms) = postSolution
		{2A1BA11B-C271-48F1-8814-408B4D3E4F2C}.Debug|Any CPU.ActiveCfg = Debug|Any CPU
		{2A1BA11B-C271-48F1-8814-408B4D3E4F2C}.Debug|Any CPU.Build.0 = Debug|Any CPU
		{2A1BA11B-C271-48F1-8814-408B4D3E4F2C}.Release|Any CPU.ActiveCfg = Release|Any CPU
		{2A1BA11B-C271-48F1-8814-408B4D3E4F2C}.Release|Any CPU.Build.0 = Release|Any CPU
	EndGlobalSection
	GlobalSection(SolutionProperties) = preSolution
		HideSolutionNode = FALSE
	EndGlobalSection
	GlobalSection(ExtensibilityGlobals) = postSolution
		SolutionGuid = {B6B908F8-9CBE-46E7-A9E1-2EBB3AD9DCC4}
	EndGlobalSection
EndGlobal
