
Microsoft Visual Studio Solution File, Format Version 12.00
# Visual Studio Version 17
VisualStudioVersion = 17.14.36414.22 d17.14
MinimumVisualStudioVersion = 10.0.40219.1
Project("{FAE04EC0-301F-11D3-BF4B-00C04F79EFBC}") = "Chapter3_Arryas_Intro", "Chapter3_Arryas_Intro.csproj", "{2C256760-C9A7-4482-BC68-13F8AD3E8C0E}"
EndProject
Global
	GlobalSection(SolutionConfigurationPlatforms) = preSolution
		Debug|Any CPU = Debug|Any CPU
		Release|Any CPU = Release|Any CPU
	EndGlobalSection
	GlobalSection(ProjectConfigurationPlatforms) = postSolution
		{2C256760-C9A7-4482-BC68-13F8AD3E8C0E}.Debug|Any CPU.ActiveCfg = Debug|Any CPU
		{2C256760-C9A7-4482-BC68-13F8AD3E8C0E}.Debug|Any CPU.Build.0 = Debug|Any CPU
		{2C256760-C9A7-4482-BC68-13F8AD3E8C0E}.Release|Any CPU.ActiveCfg = Release|Any CPU
		{2C256760-C9A7-4482-BC68-13F8AD3E8C0E}.Release|Any CPU.Build.0 = Release|Any CPU
	EndGlobalSection
	GlobalSection(SolutionProperties) = preSolution
		HideSolutionNode = FALSE
	EndGlobalSection
	GlobalSection(ExtensibilityGlobals) = postSolution
		SolutionGuid = {CC6F46D6-F681-4A27-91C2-FF6976F2B5DA}
	EndGlobalSection
EndGlobal
