
Microsoft Visual Studio Solution File, Format Version 12.00
# Visual Studio Version 17
VisualStudioVersion = 17.14.36414.22 d17.14
MinimumVisualStudioVersion = 10.0.40219.1
Project("{FAE04EC0-301F-11D3-BF4B-00C04F79EFBC}") = "More_Conditionals", "More_Conditionals.csproj", "{9B0453AD-3A2B-4209-9F33-C7011E2AE1DA}"
EndProject
Global
	GlobalSection(SolutionConfigurationPlatforms) = preSolution
		Debug|Any CPU = Debug|Any CPU
		Release|Any CPU = Release|Any CPU
	EndGlobalSection
	GlobalSection(ProjectConfigurationPlatforms) = postSolution
		{9B0453AD-3A2B-4209-9F33-C7011E2AE1DA}.Debug|Any CPU.ActiveCfg = Debug|Any CPU
		{9B0453AD-3A2B-4209-9F33-C7011E2AE1DA}.Debug|Any CPU.Build.0 = Debug|Any CPU
		{9B0453AD-3A2B-4209-9F33-C7011E2AE1DA}.Release|Any CPU.ActiveCfg = Release|Any CPU
		{9B0453AD-3A2B-4209-9F33-C7011E2AE1DA}.Release|Any CPU.Build.0 = Release|Any CPU
	EndGlobalSection
	GlobalSection(SolutionProperties) = preSolution
		HideSolutionNode = FALSE
	EndGlobalSection
	GlobalSection(ExtensibilityGlobals) = postSolution
		SolutionGuid = {4C20F1E5-B137-4263-A0E3-C46CF6980C7E}
	EndGlobalSection
EndGlobal
