
Microsoft Visual Studio Solution File, Format Version 12.00
# Visual Studio Version 17
VisualStudioVersion = 17.14.36414.22 d17.14
MinimumVisualStudioVersion = 10.0.40219.1
Project("{FAE04EC0-301F-11D3-BF4B-00C04F79EFBC}") = "Students_Program", "Students_Program.csproj", "{5C61BAC4-686F-44CF-AF44-00AA7B1842E7}"
EndProject
Global
	GlobalSection(SolutionConfigurationPlatforms) = preSolution
		Debug|Any CPU = Debug|Any CPU
		Release|Any CPU = Release|Any CPU
	EndGlobalSection
	GlobalSection(ProjectConfigurationPlatforms) = postSolution
		{5C61BAC4-686F-44CF-AF44-00AA7B1842E7}.Debug|Any CPU.ActiveCfg = Debug|Any CPU
		{5C61BAC4-686F-44CF-AF44-00AA7B1842E7}.Debug|Any CPU.Build.0 = Debug|Any CPU
		{5C61BAC4-686F-44CF-AF44-00AA7B1842E7}.Release|Any CPU.ActiveCfg = Release|Any CPU
		{5C61BAC4-686F-44CF-AF44-00AA7B1842E7}.Release|Any CPU.Build.0 = Release|Any CPU
	EndGlobalSection
	GlobalSection(SolutionProperties) = preSolution
		HideSolutionNode = FALSE
	EndGlobalSection
	GlobalSection(ExtensibilityGlobals) = postSolution
		SolutionGuid = {D6B53518-82E1-458E-847E-DC29232B3DB2}
	EndGlobalSection
EndGlobal
