
Microsoft Visual Studio Solution File, Format Version 12.00
# Visual Studio Version 17
VisualStudioVersion = 17.14.36414.22 d17.14
MinimumVisualStudioVersion = 10.0.40219.1
Project("{FAE04EC0-301F-11D3-BF4B-00C04F79EFBC}") = "BasicTypes", "BasicTypes.csproj", "{1260C01F-91F7-442F-A0AC-5018AA369E32}"
EndProject
Global
	GlobalSection(SolutionConfigurationPlatforms) = preSolution
		Debug|Any CPU = Debug|Any CPU
		Release|Any CPU = Release|Any CPU
	EndGlobalSection
	GlobalSection(ProjectConfigurationPlatforms) = postSolution
		{1260C01F-91F7-442F-A0AC-5018AA369E32}.Debug|Any CPU.ActiveCfg = Debug|Any CPU
		{1260C01F-91F7-442F-A0AC-5018AA369E32}.Debug|Any CPU.Build.0 = Debug|Any CPU
		{1260C01F-91F7-442F-A0AC-5018AA369E32}.Release|Any CPU.ActiveCfg = Release|Any CPU
		{1260C01F-91F7-442F-A0AC-5018AA369E32}.Release|Any CPU.Build.0 = Release|Any CPU
	EndGlobalSection
	GlobalSection(SolutionProperties) = preSolution
		HideSolutionNode = FALSE
	EndGlobalSection
	GlobalSection(ExtensibilityGlobals) = postSolution
		SolutionGuid = {1B0F3DDD-9848-41E4-BA7D-3455F4ABA29F}
	EndGlobalSection
EndGlobal
