Microsoft Visual Studio Solution File, Format Version 12.00
# Visual Studio Version 17
VisualStudioVersion = 17.5.2.0
MinimumVisualStudioVersion = 10.0.40219.1
Project("{2150E333-8FDC-42A3-9474-1A3956D46DE8}") = "files", "files", "{9F5E6384-8D91-7B30-BF94-463B36B69FC3}"
EndProject
Project("{FAE04EC0-301F-11D3-BF4B-00C04F79EFBC}") = "Project_2", "files\Project_2.csproj", "{CFBD0370-8619-2E42-1036-AD81F37AEE0A}"
EndProject
Global
	GlobalSection(SolutionConfigurationPlatforms) = preSolution
		Debug|Any CPU = Debug|Any CPU
		Release|Any CPU = Release|Any CPU
	EndGlobalSection
	GlobalSection(ProjectConfigurationPlatforms) = postSolution
		{CFBD0370-8619-2E42-1036-AD81F37AEE0A}.Debug|Any CPU.ActiveCfg = Debug|Any CPU
		{CFBD0370-8619-2E42-1036-AD81F37AEE0A}.Debug|Any CPU.Build.0 = Debug|Any CPU
		{CFBD0370-8619-2E42-1036-AD81F37AEE0A}.Release|Any CPU.ActiveCfg = Release|Any CPU
		{CFBD0370-8619-2E42-1036-AD81F37AEE0A}.Release|Any CPU.Build.0 = Release|Any CPU
	EndGlobalSection
	GlobalSection(SolutionProperties) = preSolution
		HideSolutionNode = FALSE
	EndGlobalSection
	GlobalSection(NestedProjects) = preSolution
		{CFBD0370-8619-2E42-1036-AD81F37AEE0A} = {9F5E6384-8D91-7B30-BF94-463B36B69FC3}
	EndGlobalSection
	GlobalSection(ExtensibilityGlobals) = postSolution
		SolutionGuid = {0AE57343-FFCD-4DD2-BFB7-9E8C103A841A}
	EndGlobalSection
EndGlobal
