
Microsoft Visual Studio Solution File, Format Version 12.00
# Visual Studio Version 17
VisualStudioVersion = 17.14.36414.22 d17.14
MinimumVisualStudioVersion = 10.0.40219.1
Project("{FAE04EC0-301F-11D3-BF4B-00C04F79EFBC}") = "Circle", "Circle.csproj", "{FF68F2BC-5507-43F8-A54E-AEA9611AE3F0}"
EndProject
Global
	GlobalSection(SolutionConfigurationPlatforms) = preSolution
		Debug|Any CPU = Debug|Any CPU
		Release|Any CPU = Release|Any CPU
	EndGlobalSection
	GlobalSection(ProjectConfigurationPlatforms) = postSolution
		{FF68F2BC-5507-43F8-A54E-AEA9611AE3F0}.Debug|Any CPU.ActiveCfg = Debug|Any CPU
		{FF68F2BC-5507-43F8-A54E-AEA9611AE3F0}.Debug|Any CPU.Build.0 = Debug|Any CPU
		{FF68F2BC-5507-43F8-A54E-AEA9611AE3F0}.Release|Any CPU.ActiveCfg = Release|Any CPU
		{FF68F2BC-5507-43F8-A54E-AEA9611AE3F0}.Release|Any CPU.Build.0 = Release|Any CPU
	EndGlobalSection
	GlobalSection(SolutionProperties) = preSolution
		HideSolutionNode = FALSE
	EndGlobalSection
	GlobalSection(ExtensibilityGlobals) = postSolution
		SolutionGuid = {9491CE9C-361D-4E2B-9FB2-3CFA5125A75A}
	EndGlobalSection
EndGlobal
