
Microsoft Visual Studio Solution File, Format Version 12.00
# Visual Studio Version 17
VisualStudioVersion = 17.0.31512.422
MinimumVisualStudioVersion = 10.0.40219.1
Project("{FAE04EC0-301F-11D3-BF4B-00C04F79EFBC}") = "BuildTree", "BuildTree\BuildTree.csproj", "{CBE225F2-5C98-4C82-80AF-F6F231FF9A8F}"
EndProject
Global
	GlobalSection(SolutionConfigurationPlatforms) = preSolution
		Debug|Any CPU = Debug|Any CPU
		Release|Any CPU = Release|Any CPU
	EndGlobalSection
	GlobalSection(ProjectConfigurationPlatforms) = postSolution
		{CBE225F2-5C98-4C82-80AF-F6F231FF9A8F}.Debug|Any CPU.ActiveCfg = Debug|Any CPU
		{CBE225F2-5C98-4C82-80AF-F6F231FF9A8F}.Debug|Any CPU.Build.0 = Debug|Any CPU
		{CBE225F2-5C98-4C82-80AF-F6F231FF9A8F}.Release|Any CPU.ActiveCfg = Release|Any CPU
		{CBE225F2-5C98-4C82-80AF-F6F231FF9A8F}.Release|Any CPU.Build.0 = Release|Any CPU
	EndGlobalSection
	GlobalSection(SolutionProperties) = preSolution
		HideSolutionNode = FALSE
	EndGlobalSection
	GlobalSection(ExtensibilityGlobals) = postSolution
		SolutionGuid = {548EC098-DC97-43BE-87DC-263067AD5157}
	EndGlobalSection
EndGlobal
