
Microsoft Visual Studio Solution File, Format Version 12.00
# Visual Studio Version 17
VisualStudioVersion = 17.14.36414.22 d17.14
MinimumVisualStudioVersion = 10.0.40219.1
Project("{FAE04EC0-301F-11D3-BF4B-00C04F79EFBC}") = "Chapter3_Arrays_Loops", "Chapter3_Arrays_Loops.csproj", "{ACBC3A5D-60E9-42EC-A96D-21DC8E99C63C}"
EndProject
Global
	GlobalSection(SolutionConfigurationPlatforms) = preSolution
		Debug|Any CPU = Debug|Any CPU
		Release|Any CPU = Release|Any CPU
	EndGlobalSection
	GlobalSection(ProjectConfigurationPlatforms) = postSolution
		{ACBC3A5D-60E9-42EC-A96D-21DC8E99C63C}.Debug|Any CPU.ActiveCfg = Debug|Any CPU
		{ACBC3A5D-60E9-42EC-A96D-21DC8E99C63C}.Debug|Any CPU.Build.0 = Debug|Any CPU
		{ACBC3A5D-60E9-42EC-A96D-21DC8E99C63C}.Release|Any CPU.ActiveCfg = Release|Any CPU
		{ACBC3A5D-60E9-42EC-A96D-21DC8E99C63C}.Release|Any CPU.Build.0 = Release|Any CPU
	EndGlobalSection
	GlobalSection(SolutionProperties) = preSolution
		HideSolutionNode = FALSE
	EndGlobalSection
	GlobalSection(ExtensibilityGlobals) = postSolution
		SolutionGuid = {1369BA74-D1FC-4B32-A70A-0B1EDF879480}
	EndGlobalSection
EndGlobal
