
Microsoft Visual Studio Solution File, Format Version 12.00
# Visual Studio Version 17
VisualStudioVersion = 17.14.36623.8 d17.14
MinimumVisualStudioVersion = 10.0.40219.1
Project("{FAE04EC0-301F-11D3-BF4B-00C04F79EFBC}") = "Simple_GUI", "Simple_GUI.csproj", "{9357CA9B-FA9E-4C53-AC92-70BCA70CFA03}"
EndProject
Global
	GlobalSection(SolutionConfigurationPlatforms) = preSolution
		Debug|Any CPU = Debug|Any CPU
		Release|Any CPU = Release|Any CPU
	EndGlobalSection
	GlobalSection(ProjectConfigurationPlatforms) = postSolution
		{9357CA9B-FA9E-4C53-AC92-70BCA70CFA03}.Debug|Any CPU.ActiveCfg = Debug|Any CPU
		{9357CA9B-FA9E-4C53-AC92-70BCA70CFA03}.Debug|Any CPU.Build.0 = Debug|Any CPU
		{9357CA9B-FA9E-4C53-AC92-70BCA70CFA03}.Release|Any CPU.ActiveCfg = Release|Any CPU
		{9357CA9B-FA9E-4C53-AC92-70BCA70CFA03}.Release|Any CPU.Build.0 = Release|Any CPU
	EndGlobalSection
	GlobalSection(SolutionProperties) = preSolution
		HideSolutionNode = FALSE
	EndGlobalSection
	GlobalSection(ExtensibilityGlobals) = postSolution
		SolutionGuid = {F19964BE-F00D-4B85-8589-E586D85BBEEE}
	EndGlobalSection
EndGlobal
