
Microsoft Visual Studio Solution File, Format Version 12.00
# Visual Studio Version 17
VisualStudioVersion = 17.14.36414.22 d17.14
MinimumVisualStudioVersion = 10.0.40219.1
Project("{FAE04EC0-301F-11D3-BF4B-00C04F79EFBC}") = "Methods_Passing_Types", "Methods_Passing_Types.csproj", "{94E58E87-A4CF-4876-81E9-5F1A9B7A9D56}"
EndProject
Global
	GlobalSection(SolutionConfigurationPlatforms) = preSolution
		Debug|Any CPU = Debug|Any CPU
		Release|Any CPU = Release|Any CPU
	EndGlobalSection
	GlobalSection(ProjectConfigurationPlatforms) = postSolution
		{94E58E87-A4CF-4876-81E9-5F1A9B7A9D56}.Debug|Any CPU.ActiveCfg = Debug|Any CPU
		{94E58E87-A4CF-4876-81E9-5F1A9B7A9D56}.Debug|Any CPU.Build.0 = Debug|Any CPU
		{94E58E87-A4CF-4876-81E9-5F1A9B7A9D56}.Release|Any CPU.ActiveCfg = Release|Any CPU
		{94E58E87-A4CF-4876-81E9-5F1A9B7A9D56}.Release|Any CPU.Build.0 = Release|Any CPU
	EndGlobalSection
	GlobalSection(SolutionProperties) = preSolution
		HideSolutionNode = FALSE
	EndGlobalSection
	GlobalSection(ExtensibilityGlobals) = postSolution
		SolutionGuid = {C85B2AE7-B0D9-49E2-9636-5300E8BB0DC8}
	EndGlobalSection
EndGlobal
